fortio.org/assert v1.1.4 h1:Za1RaG+OjsTMpQS3J3UCvTF6wc4+IOHCz+jAOU37Y4o=
fortio.org/cli v1.1.0 h1:ATIxi7DgA7WAexUCF8p5a0qlGYk48ZgkwSEDrvwXeN4=
fortio.org/cli v1.1.0/go.mod h1:O3nVImKwJSvHKbMYWkqMbEagAXCS1xvSv1YbHwkKJjY=
fortio.org/fortio v1.54.0 h1:2jn8yTd6hcIEoKY4CjI0lI6XxTWVxsMYF2bMiWOmv+Y=
fortio.org/fortio v1.54.0/go.mod h1:SRaZbikL31UoAkw0On2hwpvHrQ0rRVnsAz3UGVNvMRw=
fortio.org/log v1.3.0 h1:bESPvuQGKejw7rrx41Sg3GoF+tsrB7oC08PxBs5/AM0=
fortio.org/log v1.3.0/go.mod h1:u/8/2lyczXq52aT5Nw6reD+3cR6m/EbS2jBiIYhgiTU=
fortio.org/testscript v0.1.0 h1:UY0mxYOVWX7gwxkVL2k1g8RG9nzv76N2eq9p7I3IOrU=
fortio.org/testscript v0.1.0/go.mod h1:186kIf6xPW12LeUT65zR6gjfy5J5lGZLwL9Bi5LItf4=
fortio.org/version v1.0.2 h1:8NwxdX58aoeKx7T5xAPO0xlUu1Hpk42nRz5s6e6eKZ0=
fortio.org/version v1.0.2/go.mod h1:2JQp9Ax+tm6QKiGuzR5nJY63kFeANcgrZ0osoQFDVm0=
github.com/miekg/dns v1.1.53 h1:ZBkuHr5dxHtB1caEOlZTLPo7D3L3TWckgUUs/RHfDxw=
github.com/miekg/dns v1.1.53/go.mod h1:uInx36IzPl7FYnDcMeVWxj9byh7DutNykX4G9Sj60FY=
golang.org/x/mod v0.9.0 h1:KENHtAZL2y3NLMYZeHY9DW8HW8V+kQyJsY/V9JlKvCs=
golang.org/x/mod v0.9.0/go.mod h1:iBbtSCu2XBx23ZKBPSOrRkjjQPZFPuis4dIYUhu/chs=
golang.org/x/net v0.8.0 h1:Zrh2ngAOFYneWTAIAPethzeaQLuHwhuBkuV6ZiRnUaQ=
golang.org/x/net v0.8.0/go.mod h1:QVkue5JL9kW//ek3r6jTKnTFis1tRmNAW2P1shuFdJc=
golang.org/x/sync v0.1.0 h1:wsuoTGHzEhffawBOhz5CYhcrV4IdKZbEyZjBMuTp12o=
golang.org/x/sys v0.6.0 h1:MVltZSvRTcU2ljQOhs94SXPftV6DCNnZViHeQps87pQ=
golang.org/x/sys v0.6.0/go.mod h1:oPkhp1MJrh7nUepCBck5+mAzfO9JrbApNNgaTdGDITg=
golang.org/x/tools v0.7.0 h1:W4OVu8VVOaIO0yzWMNdepAulS7YfoS3Zabrm8DOXXU4=
golang.org/x/tools v0.7.0/go.mod h1:4pg6aUX35JBAogB10C9AtvVL+qowtN4pT3CGSQex14s=
