fortio.org/assert v1.2.0 h1:XscfvR8yp4xW7OMCvNbCsieRFDxlwdEcb69+JZRp6LA=
fortio.org/cli v1.3.3 h1:b2JPQ7ekVFpF7SrEllJTbh1rdivsyXT081oQUeiuIp0=
fortio.org/cli v1.3.3/go.mod h1:ZsevXTvMidh3xllYoAElS52XRcGx+f1hVlgB+v2Pa0Y=
fortio.org/fortio v1.57.4 h1:pQP5M0YDK2l2ahUrXzdS2keQjZXtiVmOOW11ljXc+8A=
fortio.org/fortio v1.57.4/go.mod h1:Uf/tUUji4BPFaMfM/Kz1P1hWB4O7WLE3s3YlsISutiI=
fortio.org/log v1.9.3 h1:rkgDmgF7dLfNRtVOE44Av5KBlro8FkpTKnTnphHy074=
fortio.org/log v1.9.3/go.mod h1:u/8/2lyczXq52aT5Nw6reD+3cR6m/EbS2jBiIYhgiTU=
fortio.org/testscript v0.3.1 h1:MmRO64AsmzaU1KlYMzAbotJIMKRGxD1XXssJnBRiMGQ=
fortio.org/testscript v0.3.1/go.mod h1:7OJ+U4avooRNqc7p/VHKJadYgj9fA6+N0SbGU8FVWGs=
fortio.org/version v1.0.2 h1:8NwxdX58aoeKx7T5xAPO0xlUu1Hpk42nRz5s6e6eKZ0=
fortio.org/version v1.0.2/go.mod h1:2JQp9Ax+tm6QKiGuzR5nJY63kFeANcgrZ0osoQFDVm0=
github.com/miekg/dns v1.1.55 h1:GoQ4hpsj0nFLYe+bWiCToyrBEJXkQfOOIvFGFy0lEgo=
github.com/miekg/dns v1.1.55/go.mod h1:uInx36IzPl7FYnDcMeVWxj9byh7DutNykX4G9Sj60FY=
golang.org/x/mod v0.12.0 h1:rmsUpXtvNzj340zd98LZ4KntptpfRHwpFOHG188oHXc=
golang.org/x/mod v0.12.0/go.mod h1:iBbtSCu2XBx23ZKBPSOrRkjjQPZFPuis4dIYUhu/chs=
golang.org/x/net v0.13.0 h1:Nvo8UFsZ8X3BhAC9699Z1j7XQ3rsZnUUm7jfBEk1ueY=
golang.org/x/net v0.13.0/go.mod h1:zEVYFnQC7m/vmpQFELhcD1EWkZlX69l4oqgmer6hfKA=
golang.org/x/sync v0.3.0 h1:ftCYgMx6zT/asHUrPw8BLLscYtGznsLAnjq5RH9P66E=
golang.org/x/sys v0.10.0 h1:SqMFp9UcQJZa+pmYuAKjd9xq1f0j5rLcDIk0mj4qAsA=
golang.org/x/sys v0.10.0/go.mod h1:oPkhp1MJrh7nUepCBck5+mAzfO9JrbApNNgaTdGDITg=
golang.org/x/tools v0.11.1 h1:ojD5zOW8+7dOGzdnNgersm8aPfcDjhMp12UfG93NIMc=
golang.org/x/tools v0.11.1/go.mod h1:anzJrxPjNtfgiYQYirP2CPGzGLxrH2u2QBhn6Bf3qY8=
